
Microsoft Visual Studio Solution File, Format Version 10.00
# Visual Studio 2008
Project("{F184B08F-C81C-45F6-A57F-5ABD9991F28F}") = "Tetris", "Tetris\Tetris.vbproj", "{B859C5B0-DAC1-4084-A02D-43411EB632E1}"
EndProject
Global
	GlobalSection(SolutionConfigurationPlatforms) = preSolution
		Debug|Any CPU = Debug|Any CPU
		Release|Any CPU = Release|Any CPU
	EndGlobalSection
	GlobalSection(ProjectConfigurationPlatforms) = postSolution
		{B859C5B0-DAC1-4084-A02D-43411EB632E1}.Debug|Any CPU.ActiveCfg = Debug|Any CPU
		{B859C5B0-DAC1-4084-A02D-43411EB632E1}.Debug|Any CPU.Build.0 = Debug|Any CPU
		{B859C5B0-DAC1-4084-A02D-43411EB632E1}.Release|Any CPU.ActiveCfg = Release|Any CPU
		{B859C5B0-DAC1-4084-A02D-43411EB632E1}.Release|Any CPU.Build.0 = Release|Any CPU
	EndGlobalSection
	GlobalSection(SolutionProperties) = preSolution
		HideSolutionNode = FALSE
	EndGlobalSection
EndGlobal
